// !$*UTF8*$!
{
	archiveVersion = 1;
	classes = {
	};
	objectVersion = 50;
	objects = {

/* Begin PBXBuildFile section */
		1B0C8C7E23AA217E000CE840 /* Category.framework in Frameworks */ = {isa = PBXBuildFile; fileRef = 1B76C6F223A8C44300309D4A /* Category.framework */; };
		1B0C8C7F23AA217E000CE840 /* Category.framework in Embed Frameworks */ = {isa = PBXBuildFile; fileRef = 1B76C6F223A8C44300309D4A /* Category.framework */; settings = {ATTRIBUTES = (CodeSignOnCopy, RemoveHeadersOnCopy, ); }; };
		1B0C8C8123AA217F000CE840 /* FLXFlow.framework in Frameworks */ = {isa = PBXBuildFile; fileRef = 1B76C6E823A8C38C00309D4A /* FLXFlow.framework */; };
		1B0C8C8223AA217F000CE840 /* FLXFlow.framework in Embed Frameworks */ = {isa = PBXBuildFile; fileRef = 1B76C6E823A8C38C00309D4A /* FLXFlow.framework */; settings = {ATTRIBUTES = (CodeSignOnCopy, RemoveHeadersOnCopy, ); }; };
		1B0C8C8323AA2180000CE840 /* Home.framework in Frameworks */ = {isa = PBXBuildFile; fileRef = 1B76C6F323A8C44300309D4A /* Home.framework */; };
		1B0C8C8423AA2180000CE840 /* Home.framework in Embed Frameworks */ = {isa = PBXBuildFile; fileRef = 1B76C6F323A8C44300309D4A /* Home.framework */; settings = {ATTRIBUTES = (CodeSignOnCopy, RemoveHeadersOnCopy, ); }; };
		1B0C8C8523AA2182000CE840 /* Profile.framework in Frameworks */ = {isa = PBXBuildFile; fileRef = 1B76C6F423A8C44300309D4A /* Profile.framework */; };
		1B0C8C8623AA2182000CE840 /* Profile.framework in Embed Frameworks */ = {isa = PBXBuildFile; fileRef = 1B76C6F423A8C44300309D4A /* Profile.framework */; settings = {ATTRIBUTES = (CodeSignOnCopy, RemoveHeadersOnCopy, ); }; };
		1B0C8C8723AA2183000CE840 /* SharedEntities.framework in Frameworks */ = {isa = PBXBuildFile; fileRef = 1B76C6E923A8C38C00309D4A /* SharedEntities.framework */; };
		1B0C8C8823AA2183000CE840 /* SharedEntities.framework in Embed Frameworks */ = {isa = PBXBuildFile; fileRef = 1B76C6E923A8C38C00309D4A /* SharedEntities.framework */; settings = {ATTRIBUTES = (CodeSignOnCopy, RemoveHeadersOnCopy, ); }; };
		1B0C8C8923AA2184000CE840 /* UserPreferenceService.framework in Frameworks */ = {isa = PBXBuildFile; fileRef = 1B76C6EA23A8C38C00309D4A /* UserPreferenceService.framework */; };
		1B0C8C8A23AA2184000CE840 /* UserPreferenceService.framework in Embed Frameworks */ = {isa = PBXBuildFile; fileRef = 1B76C6EA23A8C38C00309D4A /* UserPreferenceService.framework */; settings = {ATTRIBUTES = (CodeSignOnCopy, RemoveHeadersOnCopy, ); }; };
		1B76C69823A888D300309D4A /* HomeFlowController.swift in Sources */ = {isa = PBXBuildFile; fileRef = 1B76C69723A888D300309D4A /* HomeFlowController.swift */; };
		1B76C69C23A8895200309D4A /* HomeNavigationController.swift in Sources */ = {isa = PBXBuildFile; fileRef = 1B76C69B23A8895200309D4A /* HomeNavigationController.swift */; };
		1B76C69F23A88A3900309D4A /* PresentModalFeatureTapFlowInteractor.swift in Sources */ = {isa = PBXBuildFile; fileRef = 1B76C69E23A88A3900309D4A /* PresentModalFeatureTapFlowInteractor.swift */; };
		1B76C6A523A88BF300309D4A /* HomeFlowAction.swift in Sources */ = {isa = PBXBuildFile; fileRef = 1B76C6A423A88BF300309D4A /* HomeFlowAction.swift */; };
		1BEC25E623A0CFCD005ABA4E /* HomeFlow.h in Headers */ = {isa = PBXBuildFile; fileRef = 1BEC25E423A0CFCD005ABA4E /* HomeFlow.h */; settings = {ATTRIBUTES = (Public, ); }; };
/* End PBXBuildFile section */

/* Begin PBXCopyFilesBuildPhase section */
		1B0C8C8023AA217E000CE840 /* Embed Frameworks */ = {
			isa = PBXCopyFilesBuildPhase;
			buildActionMask = 2147483647;
			dstPath = "";
			dstSubfolderSpec = 10;
			files = (
				1B0C8C7F23AA217E000CE840 /* Category.framework in Embed Frameworks */,
				1B0C8C8223AA217F000CE840 /* FLXFlow.framework in Embed Frameworks */,
				1B0C8C8623AA2182000CE840 /* Profile.framework in Embed Frameworks */,
				1B0C8C8823AA2183000CE840 /* SharedEntities.framework in Embed Frameworks */,
				1B0C8C8A23AA2184000CE840 /* UserPreferenceService.framework in Embed Frameworks */,
				1B0C8C8423AA2180000CE840 /* Home.framework in Embed Frameworks */,
			);
			name = "Embed Frameworks";
			runOnlyForDeploymentPostprocessing = 0;
		};
/* End PBXCopyFilesBuildPhase section */

/* Begin PBXFileReference section */
		1B76C69723A888D300309D4A /* HomeFlowController.swift */ = {isa = PBXFileReference; lastKnownFileType = sourcecode.swift; path = HomeFlowController.swift; sourceTree = "<group>"; };
		1B76C69B23A8895200309D4A /* HomeNavigationController.swift */ = {isa = PBXFileReference; fileEncoding = 4; lastKnownFileType = sourcecode.swift; path = HomeNavigationController.swift; sourceTree = "<group>"; };
		1B76C69E23A88A3900309D4A /* PresentModalFeatureTapFlowInteractor.swift */ = {isa = PBXFileReference; fileEncoding = 4; lastKnownFileType = sourcecode.swift; path = PresentModalFeatureTapFlowInteractor.swift; sourceTree = "<group>"; };
		1B76C6A423A88BF300309D4A /* HomeFlowAction.swift */ = {isa = PBXFileReference; fileEncoding = 4; lastKnownFileType = sourcecode.swift; path = HomeFlowAction.swift; sourceTree = "<group>"; };
		1B76C6E823A8C38C00309D4A /* FLXFlow.framework */ = {isa = PBXFileReference; explicitFileType = wrapper.framework; path = FLXFlow.framework; sourceTree = BUILT_PRODUCTS_DIR; };
		1B76C6E923A8C38C00309D4A /* SharedEntities.framework */ = {isa = PBXFileReference; explicitFileType = wrapper.framework; path = SharedEntities.framework; sourceTree = BUILT_PRODUCTS_DIR; };
		1B76C6EA23A8C38C00309D4A /* UserPreferenceService.framework */ = {isa = PBXFileReference; explicitFileType = wrapper.framework; path = UserPreferenceService.framework; sourceTree = BUILT_PRODUCTS_DIR; };
		1B76C6F223A8C44300309D4A /* Category.framework */ = {isa = PBXFileReference; explicitFileType = wrapper.framework; path = Category.framework; sourceTree = BUILT_PRODUCTS_DIR; };
		1B76C6F323A8C44300309D4A /* Home.framework */ = {isa = PBXFileReference; explicitFileType = wrapper.framework; path = Home.framework; sourceTree = BUILT_PRODUCTS_DIR; };
		1B76C6F423A8C44300309D4A /* Profile.framework */ = {isa = PBXFileReference; explicitFileType = wrapper.framework; path = Profile.framework; sourceTree = BUILT_PRODUCTS_DIR; };
		1BEC25E123A0CFCD005ABA4E /* HomeFlow.framework */ = {isa = PBXFileReference; explicitFileType = wrapper.framework; includeInIndex = 0; path = HomeFlow.framework; sourceTree = BUILT_PRODUCTS_DIR; };
		1BEC25E423A0CFCD005ABA4E /* HomeFlow.h */ = {isa = PBXFileReference; lastKnownFileType = sourcecode.c.h; path = HomeFlow.h; sourceTree = "<group>"; };
		1BEC25E523A0CFCD005ABA4E /* Info.plist */ = {isa = PBXFileReference; lastKnownFileType = text.plist.xml; path = Info.plist; sourceTree = "<group>"; };
		1BEC25EF23A0D0D4005ABA4E /* AppCore.framework */ = {isa = PBXFileReference; explicitFileType = wrapper.framework; path = AppCore.framework; sourceTree = BUILT_PRODUCTS_DIR; };
		1BEC25F023A0D0D4005ABA4E /* AppFlow.framework */ = {isa = PBXFileReference; explicitFileType = wrapper.framework; path = AppFlow.framework; sourceTree = BUILT_PRODUCTS_DIR; };
		1BEC25F123A0D0D4005ABA4E /* Category.framework */ = {isa = PBXFileReference; explicitFileType = wrapper.framework; path = Category.framework; sourceTree = BUILT_PRODUCTS_DIR; };
		1BEC25F223A0D0D4005ABA4E /* Home.framework */ = {isa = PBXFileReference; explicitFileType = wrapper.framework; path = Home.framework; sourceTree = BUILT_PRODUCTS_DIR; };
		1BEC25F323A0D0D4005ABA4E /* Shared.framework */ = {isa = PBXFileReference; explicitFileType = wrapper.framework; path = Shared.framework; sourceTree = BUILT_PRODUCTS_DIR; };
		1BEC25F423A0D0D4005ABA4E /* UserPreferenceService.framework */ = {isa = PBXFileReference; explicitFileType = wrapper.framework; path = UserPreferenceService.framework; sourceTree = BUILT_PRODUCTS_DIR; };
/* End PBXFileReference section */

/* Begin PBXFrameworksBuildPhase section */
		1BEC25DE23A0CFCD005ABA4E /* Frameworks */ = {
			isa = PBXFrameworksBuildPhase;
			buildActionMask = 2147483647;
			files = (
				1B0C8C8723AA2183000CE840 /* SharedEntities.framework in Frameworks */,
				1B0C8C8523AA2182000CE840 /* Profile.framework in Frameworks */,
				1B0C8C7E23AA217E000CE840 /* Category.framework in Frameworks */,
				1B0C8C8123AA217F000CE840 /* FLXFlow.framework in Frameworks */,
				1B0C8C8923AA2184000CE840 /* UserPreferenceService.framework in Frameworks */,
				1B0C8C8323AA2180000CE840 /* Home.framework in Frameworks */,
			);
			runOnlyForDeploymentPostprocessing = 0;
		};
/* End PBXFrameworksBuildPhase section */

/* Begin PBXGroup section */
		1B76C69D23A88A2700309D4A /* FlowInteractor */ = {
			isa = PBXGroup;
			children = (
				1B76C69E23A88A3900309D4A /* PresentModalFeatureTapFlowInteractor.swift */,
			);
			path = FlowInteractor;
			sourceTree = "<group>";
		};
		1BEC25D723A0CFCD005ABA4E = {
			isa = PBXGroup;
			children = (
				1BEC25E323A0CFCD005ABA4E /* HomeFlow */,
				1BEC25E223A0CFCD005ABA4E /* Products */,
				1BEC25EE23A0D0D4005ABA4E /* Frameworks */,
			);
			sourceTree = "<group>";
		};
		1BEC25E223A0CFCD005ABA4E /* Products */ = {
			isa = PBXGroup;
			children = (
				1BEC25E123A0CFCD005ABA4E /* HomeFlow.framework */,
			);
			name = Products;
			sourceTree = "<group>";
		};
		1BEC25E323A0CFCD005ABA4E /* HomeFlow */ = {
			isa = PBXGroup;
			children = (
				1BEC25E423A0CFCD005ABA4E /* HomeFlow.h */,
				1BEC25E523A0CFCD005ABA4E /* Info.plist */,
				1B76C6A423A88BF300309D4A /* HomeFlowAction.swift */,
				1B76C69723A888D300309D4A /* HomeFlowController.swift */,
				1B76C69B23A8895200309D4A /* HomeNavigationController.swift */,
				1B76C69D23A88A2700309D4A /* FlowInteractor */,
			);
			path = HomeFlow;
			sourceTree = "<group>";
		};
		1BEC25EE23A0D0D4005ABA4E /* Frameworks */ = {
			isa = PBXGroup;
			children = (
				1B76C6F223A8C44300309D4A /* Category.framework */,
				1B76C6F323A8C44300309D4A /* Home.framework */,
				1B76C6F423A8C44300309D4A /* Profile.framework */,
				1B76C6E823A8C38C00309D4A /* FLXFlow.framework */,
				1B76C6E923A8C38C00309D4A /* SharedEntities.framework */,
				1B76C6EA23A8C38C00309D4A /* UserPreferenceService.framework */,
				1BEC25EF23A0D0D4005ABA4E /* AppCore.framework */,
				1BEC25F023A0D0D4005ABA4E /* AppFlow.framework */,
				1BEC25F123A0D0D4005ABA4E /* Category.framework */,
				1BEC25F223A0D0D4005ABA4E /* Home.framework */,
				1BEC25F323A0D0D4005ABA4E /* Shared.framework */,
				1BEC25F423A0D0D4005ABA4E /* UserPreferenceService.framework */,
			);
			name = Frameworks;
			sourceTree = "<group>";
		};
/* End PBXGroup section */

/* Begin PBXHeadersBuildPhase section */
		1BEC25DC23A0CFCD005ABA4E /* Headers */ = {
			isa = PBXHeadersBuildPhase;
			buildActionMask = 2147483647;
			files = (
				1BEC25E623A0CFCD005ABA4E /* HomeFlow.h in Headers */,
			);
			runOnlyForDeploymentPostprocessing = 0;
		};
/* End PBXHeadersBuildPhase section */

/* Begin PBXNativeTarget section */
		1BEC25E023A0CFCD005ABA4E /* HomeFlow */ = {
			isa = PBXNativeTarget;
			buildConfigurationList = 1BEC25E923A0CFCD005ABA4E /* Build configuration list for PBXNativeTarget "HomeFlow" */;
			buildPhases = (
				1BEC25DC23A0CFCD005ABA4E /* Headers */,
				1BEC25DD23A0CFCD005ABA4E /* Sources */,
				1BEC25DE23A0CFCD005ABA4E /* Frameworks */,
				1BEC25DF23A0CFCD005ABA4E /* Resources */,
				1B0C8C8023AA217E000CE840 /* Embed Frameworks */,
			);
			buildRules = (
			);
			dependencies = (
			);
			name = HomeFlow;
			productName = HomeFlow;
			productReference = 1BEC25E123A0CFCD005ABA4E /* HomeFlow.framework */;
			productType = "com.apple.product-type.framework";
		};
/* End PBXNativeTarget section */

/* Begin PBXProject section */
		1BEC25D823A0CFCD005ABA4E /* Project object */ = {
			isa = PBXProject;
			attributes = {
				LastUpgradeCheck = 1120;
				ORGANIZATIONNAME = "Fadilah Hasan";
				TargetAttributes = {
					1BEC25E023A0CFCD005ABA4E = {
						CreatedOnToolsVersion = 11.2.1;
						LastSwiftMigration = 1120;
					};
				};
			};
			buildConfigurationList = 1BEC25DB23A0CFCD005ABA4E /* Build configuration list for PBXProject "HomeFlow" */;
			compatibilityVersion = "Xcode 9.3";
			developmentRegion = en;
			hasScannedForEncodings = 0;
			knownRegions = (
				en,
				Base,
			);
			mainGroup = 1BEC25D723A0CFCD005ABA4E;
			productRefGroup = 1BEC25E223A0CFCD005ABA4E /* Products */;
			projectDirPath = "";
			projectRoot = "";
			targets = (
				1BEC25E023A0CFCD005ABA4E /* HomeFlow */,
			);
		};
/* End PBXProject section */

/* Begin PBXResourcesBuildPhase section */
		1BEC25DF23A0CFCD005ABA4E /* Resources */ = {
			isa = PBXResourcesBuildPhase;
			buildActionMask = 2147483647;
			files = (
			);
			runOnlyForDeploymentPostprocessing = 0;
		};
/* End PBXResourcesBuildPhase section */

/* Begin PBXSourcesBuildPhase section */
		1BEC25DD23A0CFCD005ABA4E /* Sources */ = {
			isa = PBXSourcesBuildPhase;
			buildActionMask = 2147483647;
			files = (
				1B76C69C23A8895200309D4A /* HomeNavigationController.swift in Sources */,
				1B76C6A523A88BF300309D4A /* HomeFlowAction.swift in Sources */,
				1B76C69823A888D300309D4A /* HomeFlowController.swift in Sources */,
				1B76C69F23A88A3900309D4A /* PresentModalFeatureTapFlowInteractor.swift in Sources */,
			);
			runOnlyForDeploymentPostprocessing = 0;
		};
/* End PBXSourcesBuildPhase section */

/* Begin XCBuildConfiguration section */
		1BEC25E723A0CFCD005ABA4E /* Debug */ = {
			isa = XCBuildConfiguration;
			buildSettings = {
				ALWAYS_SEARCH_USER_PATHS = NO;
				CLANG_ANALYZER_NONNULL = YES;
				CLANG_ANALYZER_NUMBER_OBJECT_CONVERSION = YES_AGGRESSIVE;
				CLANG_CXX_LANGUAGE_STANDARD = "gnu++14";
				CLANG_CXX_LIBRARY = "libc++";
				CLANG_ENABLE_MODULES = YES;
				CLANG_ENABLE_OBJC_ARC = YES;
				CLANG_ENABLE_OBJC_WEAK = YES;
				CLANG_WARN_BLOCK_CAPTURE_AUTORELEASING = YES;
				CLANG_WARN_BOOL_CONVERSION = YES;
				CLANG_WARN_COMMA = YES;
				CLANG_WARN_CONSTANT_CONVERSION = YES;
				CLANG_WARN_DEPRECATED_OBJC_IMPLEMENTATIONS = YES;
				CLANG_WARN_DIRECT_OBJC_ISA_USAGE = YES_ERROR;
				CLANG_WARN_DOCUMENTATION_COMMENTS = YES;
				CLANG_WARN_EMPTY_BODY = YES;
				CLANG_WARN_ENUM_CONVERSION = YES;
				CLANG_WARN_INFINITE_RECURSION = YES;
				CLANG_WARN_INT_CONVERSION = YES;
				CLANG_WARN_NON_LITERAL_NULL_CONVERSION = YES;
				CLANG_WARN_OBJC_IMPLICIT_RETAIN_SELF = YES;
				CLANG_WARN_OBJC_LITERAL_CONVERSION = YES;
				CLANG_WARN_OBJC_ROOT_CLASS = YES_ERROR;
				CLANG_WARN_RANGE_LOOP_ANALYSIS = YES;
				CLANG_WARN_STRICT_PROTOTYPES = YES;
				CLANG_WARN_SUSPICIOUS_MOVE = YES;
				CLANG_WARN_UNGUARDED_AVAILABILITY = YES_AGGRESSIVE;
				CLANG_WARN_UNREACHABLE_CODE = YES;
				CLANG_WARN__DUPLICATE_METHOD_MATCH = YES;
				COPY_PHASE_STRIP = NO;
				CURRENT_PROJECT_VERSION = 1;
				DEBUG_INFORMATION_FORMAT = dwarf;
				ENABLE_STRICT_OBJC_MSGSEND = YES;
				ENABLE_TESTABILITY = YES;
				GCC_C_LANGUAGE_STANDARD = gnu11;
				GCC_DYNAMIC_NO_PIC = NO;
				GCC_NO_COMMON_BLOCKS = YES;
				GCC_OPTIMIZATION_LEVEL = 0;
				GCC_PREPROCESSOR_DEFINITIONS = (
					"DEBUG=1",
					"$(inherited)",
				);
				GCC_WARN_64_TO_32_BIT_CONVERSION = YES;
				GCC_WARN_ABOUT_RETURN_TYPE = YES_ERROR;
				GCC_WARN_UNDECLARED_SELECTOR = YES;
				GCC_WARN_UNINITIALIZED_AUTOS = YES_AGGRESSIVE;
				GCC_WARN_UNUSED_FUNCTION = YES;
				GCC_WARN_UNUSED_VARIABLE = YES;
				IPHONEOS_DEPLOYMENT_TARGET = 13.2;
				MTL_ENABLE_DEBUG_INFO = INCLUDE_SOURCE;
				MTL_FAST_MATH = YES;
				ONLY_ACTIVE_ARCH = YES;
				SDKROOT = iphoneos;
				SWIFT_ACTIVE_COMPILATION_CONDITIONS = DEBUG;
				SWIFT_OPTIMIZATION_LEVEL = "-Onone";
				VERSIONING_SYSTEM = "apple-generic";
				VERSION_INFO_PREFIX = "";
			};
			name = Debug;
		};
		1BEC25E823A0CFCD005ABA4E /* Release */ = {
			isa = XCBuildConfiguration;
			buildSettings = {
				ALWAYS_SEARCH_USER_PATHS = NO;
				CLANG_ANALYZER_NONNULL = YES;
				CLANG_ANALYZER_NUMBER_OBJECT_CONVERSION = YES_AGGRESSIVE;
				CLANG_CXX_LANGUAGE_STANDARD = "gnu++14";
				CLANG_CXX_LIBRARY = "libc++";
				CLANG_ENABLE_MODULES = YES;
				CLANG_ENABLE_OBJC_ARC = YES;
				CLANG_ENABLE_OBJC_WEAK = YES;
				CLANG_WARN_BLOCK_CAPTURE_AUTORELEASING = YES;
				CLANG_WARN_BOOL_CONVERSION = YES;
				CLANG_WARN_COMMA = YES;
				CLANG_WARN_CONSTANT_CONVERSION = YES;
				CLANG_WARN_DEPRECATED_OBJC_IMPLEMENTATIONS = YES;
				CLANG_WARN_DIRECT_OBJC_ISA_USAGE = YES_ERROR;
				CLANG_WARN_DOCUMENTATION_COMMENTS = YES;
				CLANG_WARN_EMPTY_BODY = YES;
				CLANG_WARN_ENUM_CONVERSION = YES;
				CLANG_WARN_INFINITE_RECURSION = YES;
				CLANG_WARN_INT_CONVERSION = YES;
				CLANG_WARN_NON_LITERAL_NULL_CONVERSION = YES;
				CLANG_WARN_OBJC_IMPLICIT_RETAIN_SELF = YES;
				CLANG_WARN_OBJC_LITERAL_CONVERSION = YES;
				CLANG_WARN_OBJC_ROOT_CLASS = YES_ERROR;
				CLANG_WARN_RANGE_LOOP_ANALYSIS = YES;
				CLANG_WARN_STRICT_PROTOTYPES = YES;
				CLANG_WARN_SUSPICIOUS_MOVE = YES;
				CLANG_WARN_UNGUARDED_AVAILABILITY = YES_AGGRESSIVE;
				CLANG_WARN_UNREACHABLE_CODE = YES;
				CLANG_WARN__DUPLICATE_METHOD_MATCH = YES;
				COPY_PHASE_STRIP = NO;
				CURRENT_PROJECT_VERSION = 1;
				DEBUG_INFORMATION_FORMAT = "dwarf-with-dsym";
				ENABLE_NS_ASSERTIONS = NO;
				ENABLE_STRICT_OBJC_MSGSEND = YES;
				GCC_C_LANGUAGE_STANDARD = gnu11;
				GCC_NO_COMMON_BLOCKS = YES;
				GCC_WARN_64_TO_32_BIT_CONVERSION = YES;
				GCC_WARN_ABOUT_RETURN_TYPE = YES_ERROR;
				GCC_WARN_UNDECLARED_SELECTOR = YES;
				GCC_WARN_UNINITIALIZED_AUTOS = YES_AGGRESSIVE;
				GCC_WARN_UNUSED_FUNCTION = YES;
				GCC_WARN_UNUSED_VARIABLE = YES;
				IPHONEOS_DEPLOYMENT_TARGET = 13.2;
				MTL_ENABLE_DEBUG_INFO = NO;
				MTL_FAST_MATH = YES;
				SDKROOT = iphoneos;
				SWIFT_COMPILATION_MODE = wholemodule;
				SWIFT_OPTIMIZATION_LEVEL = "-O";
				VALIDATE_PRODUCT = YES;
				VERSIONING_SYSTEM = "apple-generic";
				VERSION_INFO_PREFIX = "";
			};
			name = Release;
		};
		1BEC25EA23A0CFCD005ABA4E /* Debug */ = {
			isa = XCBuildConfiguration;
			buildSettings = {
				CLANG_ENABLE_MODULES = YES;
				CODE_SIGN_STYLE = Automatic;
				DEFINES_MODULE = YES;
				DEVELOPMENT_TEAM = L4A72M4SRA;
				DYLIB_COMPATIBILITY_VERSION = 1;
				DYLIB_CURRENT_VERSION = 1;
				DYLIB_INSTALL_NAME_BASE = "@rpath";
				INFOPLIST_FILE = HomeFlow/Info.plist;
				INSTALL_PATH = "$(LOCAL_LIBRARY_DIR)/Frameworks";
				IPHONEOS_DEPLOYMENT_TARGET = 11.0;
				LD_RUNPATH_SEARCH_PATHS = (
					"$(inherited)",
					"@executable_path/Frameworks",
					"@loader_path/Frameworks",
				);
				MACH_O_TYPE = staticlib;
				PRODUCT_BUNDLE_IDENTIFIER = com.kodingkita.HomeFlow;
				PRODUCT_NAME = "$(TARGET_NAME:c99extidentifier)";
				SKIP_INSTALL = YES;
				SWIFT_OPTIMIZATION_LEVEL = "-Onone";
				SWIFT_VERSION = 5.0;
				TARGETED_DEVICE_FAMILY = "1,2";
			};
			name = Debug;
		};
		1BEC25EB23A0CFCD005ABA4E /* Release */ = {
			isa = XCBuildConfiguration;
			buildSettings = {
				CLANG_ENABLE_MODULES = YES;
				CODE_SIGN_STYLE = Automatic;
				DEFINES_MODULE = YES;
				DEVELOPMENT_TEAM = L4A72M4SRA;
				DYLIB_COMPATIBILITY_VERSION = 1;
				DYLIB_CURRENT_VERSION = 1;
				DYLIB_INSTALL_NAME_BASE = "@rpath";
				INFOPLIST_FILE = HomeFlow/Info.plist;
				INSTALL_PATH = "$(LOCAL_LIBRARY_DIR)/Frameworks";
				IPHONEOS_DEPLOYMENT_TARGET = 11.0;
				LD_RUNPATH_SEARCH_PATHS = (
					"$(inherited)",
					"@executable_path/Frameworks",
					"@loader_path/Frameworks",
				);
				MACH_O_TYPE = staticlib;
				PRODUCT_BUNDLE_IDENTIFIER = com.kodingkita.HomeFlow;
				PRODUCT_NAME = "$(TARGET_NAME:c99extidentifier)";
				SKIP_INSTALL = YES;
				SWIFT_VERSION = 5.0;
				TARGETED_DEVICE_FAMILY = "1,2";
			};
			name = Release;
		};
/* End XCBuildConfiguration section */

/* Begin XCConfigurationList section */
		1BEC25DB23A0CFCD005ABA4E /* Build configuration list for PBXProject "HomeFlow" */ = {
			isa = XCConfigurationList;
			buildConfigurations = (
				1BEC25E723A0CFCD005ABA4E /* Debug */,
				1BEC25E823A0CFCD005ABA4E /* Release */,
			);
			defaultConfigurationIsVisible = 0;
			defaultConfigurationName = Release;
		};
		1BEC25E923A0CFCD005ABA4E /* Build configuration list for PBXNativeTarget "HomeFlow" */ = {
			isa = XCConfigurationList;
			buildConfigurations = (
				1BEC25EA23A0CFCD005ABA4E /* Debug */,
				1BEC25EB23A0CFCD005ABA4E /* Release */,
			);
			defaultConfigurationIsVisible = 0;
			defaultConfigurationName = Release;
		};
/* End XCConfigurationList section */
	};
	rootObject = 1BEC25D823A0CFCD005ABA4E /* Project object */;
}
